
Microsoft Visual Studio Solution File, Format Version 12.00
# Visual Studio 2012
Project("{FAE04EC0-301F-11D3-BF4B-00C04F79EFBC}") = "BossanovaJam", "BossanovaJam\BossanovaJam.csproj", "{802A0ECC-E8E3-468F-8E24-2652BAA2F6CA}"
EndProject
Global
	GlobalSection(SolutionConfigurationPlatforms) = preSolution
		Debug|Any CPU = Debug|Any CPU
		Release|Any CPU = Release|Any CPU
	EndGlobalSection
	GlobalSection(ProjectConfigurationPlatforms) = postSolution
		{802A0ECC-E8E3-468F-8E24-2652BAA2F6CA}.Debug|Any CPU.ActiveCfg = Debug|Any CPU
		{802A0ECC-E8E3-468F-8E24-2652BAA2F6CA}.Debug|Any CPU.Build.0 = Debug|Any CPU
		{802A0ECC-E8E3-468F-8E24-2652BAA2F6CA}.Release|Any CPU.ActiveCfg = Release|Any CPU
		{802A0ECC-E8E3-468F-8E24-2652BAA2F6CA}.Release|Any CPU.Build.0 = Release|Any CPU
	EndGlobalSection
	GlobalSection(SolutionProperties) = preSolution
		HideSolutionNode = FALSE
	EndGlobalSection
EndGlobal
